// !$*UTF8*$!
{
	archiveVersion = 1;
	classes = {
	};
	objectVersion = 48;
	objects = {

/* Begin PBXBuildFile section */
		840A3E7B21232C51000CD9DC /* AppDelegate.swift in Sources */ = {isa = PBXBuildFile; fileRef = 840A3E7A21232C51000CD9DC /* AppDelegate.swift */; };
		840A3E7D21232C51000CD9DC /* ViewController.swift in Sources */ = {isa = PBXBuildFile; fileRef = 840A3E7C21232C51000CD9DC /* ViewController.swift */; };
		840A3E8021232C51000CD9DC /* Main.storyboard in Resources */ = {isa = PBXBuildFile; fileRef = 840A3E7E21232C51000CD9DC /* Main.storyboard */; };
		840A3E8221232C51000CD9DC /* Assets.xcassets in Resources */ = {isa = PBXBuildFile; fileRef = 840A3E8121232C51000CD9DC /* Assets.xcassets */; };
		840A3E8521232C51000CD9DC /* LaunchScreen.storyboard in Resources */ = {isa = PBXBuildFile; fileRef = 840A3E8321232C51000CD9DC /* LaunchScreen.storyboard */; };
		840A3E8E21232CB0000CD9DC /* NTAFilter.framework in Embed Frameworks */ = {isa = PBXBuildFile; fileRef = 840A3E8C21232C77000CD9DC /* NTAFilter.framework */; settings = {ATTRIBUTES = (CodeSignOnCopy, RemoveHeadersOnCopy, ); }; };
		A81DB408F270A2D1D0FF7211 /* Pods_DemoEmbedUniversalFramework.framework in Frameworks */ = {isa = PBXBuildFile; fileRef = 21944D87610088AD6F743552 /* Pods_DemoEmbedUniversalFramework.framework */; };
/* End PBXBuildFile section */

/* Begin PBXCopyFilesBuildPhase section */
		840A3E8F21232CB0000CD9DC /* Embed Frameworks */ = {
			isa = PBXCopyFilesBuildPhase;
			buildActionMask = 2147483647;
			dstPath = "";
			dstSubfolderSpec = 10;
			files = (
				840A3E8E21232CB0000CD9DC /* NTAFilter.framework in Embed Frameworks */,
			);
			name = "Embed Frameworks";
			runOnlyForDeploymentPostprocessing = 0;
		};
/* End PBXCopyFilesBuildPhase section */

/* Begin PBXFileReference section */
		21944D87610088AD6F743552 /* Pods_DemoEmbedUniversalFramework.framework */ = {isa = PBXFileReference; explicitFileType = wrapper.framework; includeInIndex = 0; path = Pods_DemoEmbedUniversalFramework.framework; sourceTree = BUILT_PRODUCTS_DIR; };
		840A3E7721232C51000CD9DC /* DemoEmbedUniversalFramework.app */ = {isa = PBXFileReference; explicitFileType = wrapper.application; includeInIndex = 0; path = DemoEmbedUniversalFramework.app; sourceTree = BUILT_PRODUCTS_DIR; };
		840A3E7A21232C51000CD9DC /* AppDelegate.swift */ = {isa = PBXFileReference; lastKnownFileType = sourcecode.swift; path = AppDelegate.swift; sourceTree = "<group>"; };
		840A3E7C21232C51000CD9DC /* ViewController.swift */ = {isa = PBXFileReference; lastKnownFileType = sourcecode.swift; path = ViewController.swift; sourceTree = "<group>"; };
		840A3E7F21232C51000CD9DC /* Base */ = {isa = PBXFileReference; lastKnownFileType = file.storyboard; name = Base; path = Base.lproj/Main.storyboard; sourceTree = "<group>"; };
		840A3E8121232C51000CD9DC /* Assets.xcassets */ = {isa = PBXFileReference; lastKnownFileType = folder.assetcatalog; path = Assets.xcassets; sourceTree = "<group>"; };
		840A3E8421232C51000CD9DC /* Base */ = {isa = PBXFileReference; lastKnownFileType = file.storyboard; name = Base; path = Base.lproj/LaunchScreen.storyboard; sourceTree = "<group>"; };
		840A3E8621232C51000CD9DC /* Info.plist */ = {isa = PBXFileReference; lastKnownFileType = text.plist.xml; path = Info.plist; sourceTree = "<group>"; };
		840A3E8C21232C77000CD9DC /* NTAFilter.framework */ = {isa = PBXFileReference; lastKnownFileType = wrapper.framework; path = NTAFilter.framework; sourceTree = "<group>"; };
		898CFBA108A82721CBF842DA /* Pods-DemoEmbedUniversalFramework.debug.xcconfig */ = {isa = PBXFileReference; includeInIndex = 1; lastKnownFileType = text.xcconfig; name = "Pods-DemoEmbedUniversalFramework.debug.xcconfig"; path = "Pods/Target Support Files/Pods-DemoEmbedUniversalFramework/Pods-DemoEmbedUniversalFramework.debug.xcconfig"; sourceTree = "<group>"; };
		F3DD25B2A285C6E0AB17F467 /* Pods-DemoEmbedUniversalFramework.release.xcconfig */ = {isa = PBXFileReference; includeInIndex = 1; lastKnownFileType = text.xcconfig; name = "Pods-DemoEmbedUniversalFramework.release.xcconfig"; path = "Pods/Target Support Files/Pods-DemoEmbedUniversalFramework/Pods-DemoEmbedUniversalFramework.release.xcconfig"; sourceTree = "<group>"; };
/* End PBXFileReference section */

/* Begin PBXFrameworksBuildPhase section */
		840A3E7421232C51000CD9DC /* Frameworks */ = {
			isa = PBXFrameworksBuildPhase;
			buildActionMask = 2147483647;
			files = (
				A81DB408F270A2D1D0FF7211 /* Pods_DemoEmbedUniversalFramework.framework in Frameworks */,
			);
			runOnlyForDeploymentPostprocessing = 0;
		};
/* End PBXFrameworksBuildPhase section */

/* Begin PBXGroup section */
		37C1625682866D470E423235 /* Pods */ = {
			isa = PBXGroup;
			children = (
				898CFBA108A82721CBF842DA /* Pods-DemoEmbedUniversalFramework.debug.xcconfig */,
				F3DD25B2A285C6E0AB17F467 /* Pods-DemoEmbedUniversalFramework.release.xcconfig */,
			);
			name = Pods;
			sourceTree = "<group>";
		};
		840A3E6E21232C51000CD9DC = {
			isa = PBXGroup;
			children = (
				840A3E7921232C51000CD9DC /* DemoEmbedUniversalFramework */,
				840A3E7821232C51000CD9DC /* Products */,
				37C1625682866D470E423235 /* Pods */,
				E64E7F860E2CBA87471CFFC2 /* Frameworks */,
			);
			sourceTree = "<group>";
		};
		840A3E7821232C51000CD9DC /* Products */ = {
			isa = PBXGroup;
			children = (
				840A3E7721232C51000CD9DC /* DemoEmbedUniversalFramework.app */,
			);
			name = Products;
			sourceTree = "<group>";
		};
		840A3E7921232C51000CD9DC /* DemoEmbedUniversalFramework */ = {
			isa = PBXGroup;
			children = (
				840A3E8C21232C77000CD9DC /* NTAFilter.framework */,
				840A3E7A21232C51000CD9DC /* AppDelegate.swift */,
				840A3E7C21232C51000CD9DC /* ViewController.swift */,
				840A3E7E21232C51000CD9DC /* Main.storyboard */,
				840A3E8121232C51000CD9DC /* Assets.xcassets */,
				840A3E8321232C51000CD9DC /* LaunchScreen.storyboard */,
				840A3E8621232C51000CD9DC /* Info.plist */,
			);
			path = DemoEmbedUniversalFramework;
			sourceTree = "<group>";
		};
		E64E7F860E2CBA87471CFFC2 /* Frameworks */ = {
			isa = PBXGroup;
			children = (
				21944D87610088AD6F743552 /* Pods_DemoEmbedUniversalFramework.framework */,
			);
			name = Frameworks;
			sourceTree = "<group>";
		};
/* End PBXGroup section */

/* Begin PBXNativeTarget section */
		840A3E7621232C51000CD9DC /* DemoEmbedUniversalFramework */ = {
			isa = PBXNativeTarget;
			buildConfigurationList = 840A3E8921232C51000CD9DC /* Build configuration list for PBXNativeTarget "DemoEmbedUniversalFramework" */;
			buildPhases = (
				9F701D23837828CDD5580588 /* [CP] Check Pods Manifest.lock */,
				840A3E7321232C51000CD9DC /* Sources */,
				840A3E7421232C51000CD9DC /* Frameworks */,
				840A3E7521232C51000CD9DC /* Resources */,
				840A3E8F21232CB0000CD9DC /* Embed Frameworks */,
				246FCE2CB580EC305EF0C9F1 /* [CP] Embed Pods Frameworks */,
				99C381DE59EB5FD7A1A8A29A /* [CP] Copy Pods Resources */,
			);
			buildRules = (
			);
			dependencies = (
			);
			name = DemoEmbedUniversalFramework;
			productName = DemoEmbedUniversalFramework;
			productReference = 840A3E7721232C51000CD9DC /* DemoEmbedUniversalFramework.app */;
			productType = "com.apple.product-type.application";
		};
/* End PBXNativeTarget section */

/* Begin PBXProject section */
		840A3E6F21232C51000CD9DC /* Project object */ = {
			isa = PBXProject;
			attributes = {
				LastSwiftUpdateCheck = 0900;
				LastUpgradeCheck = 0900;
				ORGANIZATIONNAME = NguyenTuAnh;
				TargetAttributes = {
					840A3E7621232C51000CD9DC = {
						CreatedOnToolsVersion = 9.0;
						ProvisioningStyle = Manual;
					};
				};
			};
			buildConfigurationList = 840A3E7221232C51000CD9DC /* Build configuration list for PBXProject "DemoEmbedUniversalFramework" */;
			compatibilityVersion = "Xcode 8.0";
			developmentRegion = en;
			hasScannedForEncodings = 0;
			knownRegions = (
				en,
				Base,
			);
			mainGroup = 840A3E6E21232C51000CD9DC;
			productRefGroup = 840A3E7821232C51000CD9DC /* Products */;
			projectDirPath = "";
			projectRoot = "";
			targets = (
				840A3E7621232C51000CD9DC /* DemoEmbedUniversalFramework */,
			);
		};
/* End PBXProject section */

/* Begin PBXResourcesBuildPhase section */
		840A3E7521232C51000CD9DC /* Resources */ = {
			isa = PBXResourcesBuildPhase;
			buildActionMask = 2147483647;
			files = (
				840A3E8521232C51000CD9DC /* LaunchScreen.storyboard in Resources */,
				840A3E8221232C51000CD9DC /* Assets.xcassets in Resources */,
				840A3E8021232C51000CD9DC /* Main.storyboard in Resources */,
			);
			runOnlyForDeploymentPostprocessing = 0;
		};
/* End PBXResourcesBuildPhase section */

/* Begin PBXShellScriptBuildPhase section */
		246FCE2CB580EC305EF0C9F1 /* [CP] Embed Pods Frameworks */ = {
			isa = PBXShellScriptBuildPhase;
			buildActionMask = 2147483647;
			files = (
			);
			inputPaths = (
			);
			name = "[CP] Embed Pods Frameworks";
			outputPaths = (
			);
			runOnlyForDeploymentPostprocessing = 0;
			shellPath = /bin/sh;
			shellScript = "\"${SRCROOT}/Pods/Target Support Files/Pods-DemoEmbedUniversalFramework/Pods-DemoEmbedUniversalFramework-frameworks.sh\"\n";
			showEnvVarsInLog = 0;
		};
		99C381DE59EB5FD7A1A8A29A /* [CP] Copy Pods Resources */ = {
			isa = PBXShellScriptBuildPhase;
			buildActionMask = 2147483647;
			files = (
			);
			inputPaths = (
			);
			name = "[CP] Copy Pods Resources";
			outputPaths = (
			);
			runOnlyForDeploymentPostprocessing = 0;
			shellPath = /bin/sh;
			shellScript = "\"${SRCROOT}/Pods/Target Support Files/Pods-DemoEmbedUniversalFramework/Pods-DemoEmbedUniversalFramework-resources.sh\"\n";
			showEnvVarsInLog = 0;
		};
		9F701D23837828CDD5580588 /* [CP] Check Pods Manifest.lock */ = {
			isa = PBXShellScriptBuildPhase;
			buildActionMask = 2147483647;
			files = (
			);
			inputPaths = (
			);
			name = "[CP] Check Pods Manifest.lock";
			outputPaths = (
			);
			runOnlyForDeploymentPostprocessing = 0;
			shellPath = /bin/sh;
			shellScript = "diff \"${PODS_PODFILE_DIR_PATH}/Podfile.lock\" \"${PODS_ROOT}/Manifest.lock\" > /dev/null\nif [ $? != 0 ] ; then\n    # print error to STDERR\n    echo \"error: The sandbox is not in sync with the Podfile.lock. Run 'pod install' or update your CocoaPods installation.\" >&2\n    exit 1\nfi\n";
			showEnvVarsInLog = 0;
		};
/* End PBXShellScriptBuildPhase section */

/* Begin PBXSourcesBuildPhase section */
		840A3E7321232C51000CD9DC /* Sources */ = {
			isa = PBXSourcesBuildPhase;
			buildActionMask = 2147483647;
			files = (
				840A3E7D21232C51000CD9DC /* ViewController.swift in Sources */,
				840A3E7B21232C51000CD9DC /* AppDelegate.swift in Sources */,
			);
			runOnlyForDeploymentPostprocessing = 0;
		};
/* End PBXSourcesBuildPhase section */

/* Begin PBXVariantGroup section */
		840A3E7E21232C51000CD9DC /* Main.storyboard */ = {
			isa = PBXVariantGroup;
			children = (
				840A3E7F21232C51000CD9DC /* Base */,
			);
			name = Main.storyboard;
			sourceTree = "<group>";
		};
		840A3E8321232C51000CD9DC /* LaunchScreen.storyboard */ = {
			isa = PBXVariantGroup;
			children = (
				840A3E8421232C51000CD9DC /* Base */,
			);
			name = LaunchScreen.storyboard;
			sourceTree = "<group>";
		};
/* End PBXVariantGroup section */

/* Begin XCBuildConfiguration section */
		840A3E8721232C51000CD9DC /* Debug */ = {
			isa = XCBuildConfiguration;
			buildSettings = {
				ALWAYS_SEARCH_USER_PATHS = NO;
				CLANG_ANALYZER_NONNULL = YES;
				CLANG_ANALYZER_NUMBER_OBJECT_CONVERSION = YES_AGGRESSIVE;
				CLANG_CXX_LANGUAGE_STANDARD = "gnu++14";
				CLANG_CXX_LIBRARY = "libc++";
				CLANG_ENABLE_MODULES = YES;
				CLANG_ENABLE_OBJC_ARC = YES;
				CLANG_WARN_BLOCK_CAPTURE_AUTORELEASING = YES;
				CLANG_WARN_BOOL_CONVERSION = YES;
				CLANG_WARN_COMMA = YES;
				CLANG_WARN_CONSTANT_CONVERSION = YES;
				CLANG_WARN_DIRECT_OBJC_ISA_USAGE = YES_ERROR;
				CLANG_WARN_DOCUMENTATION_COMMENTS = YES;
				CLANG_WARN_EMPTY_BODY = YES;
				CLANG_WARN_ENUM_CONVERSION = YES;
				CLANG_WARN_INFINITE_RECURSION = YES;
				CLANG_WARN_INT_CONVERSION = YES;
				CLANG_WARN_NON_LITERAL_NULL_CONVERSION = YES;
				CLANG_WARN_OBJC_LITERAL_CONVERSION = YES;
				CLANG_WARN_OBJC_ROOT_CLASS = YES_ERROR;
				CLANG_WARN_RANGE_LOOP_ANALYSIS = YES;
				CLANG_WARN_STRICT_PROTOTYPES = YES;
				CLANG_WARN_SUSPICIOUS_MOVE = YES;
				CLANG_WARN_UNGUARDED_AVAILABILITY = YES_AGGRESSIVE;
				CLANG_WARN_UNREACHABLE_CODE = YES;
				CLANG_WARN__DUPLICATE_METHOD_MATCH = YES;
				CODE_SIGN_IDENTITY = "iPhone Developer";
				COPY_PHASE_STRIP = NO;
				DEBUG_INFORMATION_FORMAT = dwarf;
				ENABLE_STRICT_OBJC_MSGSEND = YES;
				ENABLE_TESTABILITY = YES;
				GCC_C_LANGUAGE_STANDARD = gnu11;
				GCC_DYNAMIC_NO_PIC = NO;
				GCC_NO_COMMON_BLOCKS = YES;
				GCC_OPTIMIZATION_LEVEL = 0;
				GCC_PREPROCESSOR_DEFINITIONS = (
					"DEBUG=1",
					"$(inherited)",
				);
				GCC_WARN_64_TO_32_BIT_CONVERSION = YES;
				GCC_WARN_ABOUT_RETURN_TYPE = YES_ERROR;
				GCC_WARN_UNDECLARED_SELECTOR = YES;
				GCC_WARN_UNINITIALIZED_AUTOS = YES_AGGRESSIVE;
				GCC_WARN_UNUSED_FUNCTION = YES;
				GCC_WARN_UNUSED_VARIABLE = YES;
				IPHONEOS_DEPLOYMENT_TARGET = 11.0;
				MTL_ENABLE_DEBUG_INFO = YES;
				ONLY_ACTIVE_ARCH = YES;
				SDKROOT = iphoneos;
				SWIFT_ACTIVE_COMPILATION_CONDITIONS = DEBUG;
				SWIFT_OPTIMIZATION_LEVEL = "-Onone";
			};
			name = Debug;
		};
		840A3E8821232C51000CD9DC /* Release */ = {
			isa = XCBuildConfiguration;
			buildSettings = {
				ALWAYS_SEARCH_USER_PATHS = NO;
				CLANG_ANALYZER_NONNULL = YES;
				CLANG_ANALYZER_NUMBER_OBJECT_CONVERSION = YES_AGGRESSIVE;
				CLANG_CXX_LANGUAGE_STANDARD = "gnu++14";
				CLANG_CXX_LIBRARY = "libc++";
				CLANG_ENABLE_MODULES = YES;
				CLANG_ENABLE_OBJC_ARC = YES;
				CLANG_WARN_BLOCK_CAPTURE_AUTORELEASING = YES;
				CLANG_WARN_BOOL_CONVERSION = YES;
				CLANG_WARN_COMMA = YES;
				CLANG_WARN_CONSTANT_CONVERSION = YES;
				CLANG_WARN_DIRECT_OBJC_ISA_USAGE = YES_ERROR;
				CLANG_WARN_DOCUMENTATION_COMMENTS = YES;
				CLANG_WARN_EMPTY_BODY = YES;
				CLANG_WARN_ENUM_CONVERSION = YES;
				CLANG_WARN_INFINITE_RECURSION = YES;
				CLANG_WARN_INT_CONVERSION = YES;
				CLANG_WARN_NON_LITERAL_NULL_CONVERSION = YES;
				CLANG_WARN_OBJC_LITERAL_CONVERSION = YES;
				CLANG_WARN_OBJC_ROOT_CLASS = YES_ERROR;
				CLANG_WARN_RANGE_LOOP_ANALYSIS = YES;
				CLANG_WARN_STRICT_PROTOTYPES = YES;
				CLANG_WARN_SUSPICIOUS_MOVE = YES;
				CLANG_WARN_UNGUARDED_AVAILABILITY = YES_AGGRESSIVE;
				CLANG_WARN_UNREACHABLE_CODE = YES;
				CLANG_WARN__DUPLICATE_METHOD_MATCH = YES;
				CODE_SIGN_IDENTITY = "iPhone Developer";
				COPY_PHASE_STRIP = NO;
				DEBUG_INFORMATION_FORMAT = "dwarf-with-dsym";
				ENABLE_NS_ASSERTIONS = NO;
				ENABLE_STRICT_OBJC_MSGSEND = YES;
				GCC_C_LANGUAGE_STANDARD = gnu11;
				GCC_NO_COMMON_BLOCKS = YES;
				GCC_WARN_64_TO_32_BIT_CONVERSION = YES;
				GCC_WARN_ABOUT_RETURN_TYPE = YES_ERROR;
				GCC_WARN_UNDECLARED_SELECTOR = YES;
				GCC_WARN_UNINITIALIZED_AUTOS = YES_AGGRESSIVE;
				GCC_WARN_UNUSED_FUNCTION = YES;
				GCC_WARN_UNUSED_VARIABLE = YES;
				IPHONEOS_DEPLOYMENT_TARGET = 11.0;
				MTL_ENABLE_DEBUG_INFO = NO;
				SDKROOT = iphoneos;
				SWIFT_OPTIMIZATION_LEVEL = "-Owholemodule";
				VALIDATE_PRODUCT = YES;
			};
			name = Release;
		};
		840A3E8A21232C51000CD9DC /* Debug */ = {
			isa = XCBuildConfiguration;
			baseConfigurationReference = 898CFBA108A82721CBF842DA /* Pods-DemoEmbedUniversalFramework.debug.xcconfig */;
			buildSettings = {
				ASSETCATALOG_COMPILER_APPICON_NAME = AppIcon;
				CODE_SIGN_STYLE = Manual;
				DEVELOPMENT_TEAM = "";
				FRAMEWORK_SEARCH_PATHS = (
					"$(inherited)",
					"$(PROJECT_DIR)/DemoEmbedUniversalFramework",
				);
				INFOPLIST_FILE = DemoEmbedUniversalFramework/Info.plist;
				LD_RUNPATH_SEARCH_PATHS = "$(inherited) @executable_path/Frameworks";
				PRODUCT_BUNDLE_IDENTIFIER = com.anhNguyenTu.DemoEmbedUniversalFramework;
				PRODUCT_NAME = "$(TARGET_NAME)";
				PROVISIONING_PROFILE_SPECIFIER = "";
				SWIFT_VERSION = 4.0;
				TARGETED_DEVICE_FAMILY = "1,2";
			};
			name = Debug;
		};
		840A3E8B21232C51000CD9DC /* Release */ = {
			isa = XCBuildConfiguration;
			baseConfigurationReference = F3DD25B2A285C6E0AB17F467 /* Pods-DemoEmbedUniversalFramework.release.xcconfig */;
			buildSettings = {
				ASSETCATALOG_COMPILER_APPICON_NAME = AppIcon;
				CODE_SIGN_STYLE = Manual;
				DEVELOPMENT_TEAM = "";
				FRAMEWORK_SEARCH_PATHS = (
					"$(inherited)",
					"$(PROJECT_DIR)/DemoEmbedUniversalFramework",
				);
				INFOPLIST_FILE = DemoEmbedUniversalFramework/Info.plist;
				LD_RUNPATH_SEARCH_PATHS = "$(inherited) @executable_path/Frameworks";
				PRODUCT_BUNDLE_IDENTIFIER = com.anhNguyenTu.DemoEmbedUniversalFramework;
				PRODUCT_NAME = "$(TARGET_NAME)";
				PROVISIONING_PROFILE_SPECIFIER = "";
				SWIFT_VERSION = 4.0;
				TARGETED_DEVICE_FAMILY = "1,2";
			};
			name = Release;
		};
/* End XCBuildConfiguration section */

/* Begin XCConfigurationList section */
		840A3E7221232C51000CD9DC /* Build configuration list for PBXProject "DemoEmbedUniversalFramework" */ = {
			isa = XCConfigurationList;
			buildConfigurations = (
				840A3E8721232C51000CD9DC /* Debug */,
				840A3E8821232C51000CD9DC /* Release */,
			);
			defaultConfigurationIsVisible = 0;
			defaultConfigurationName = Release;
		};
		840A3E8921232C51000CD9DC /* Build configuration list for PBXNativeTarget "DemoEmbedUniversalFramework" */ = {
			isa = XCConfigurationList;
			buildConfigurations = (
				840A3E8A21232C51000CD9DC /* Debug */,
				840A3E8B21232C51000CD9DC /* Release */,
			);
			defaultConfigurationIsVisible = 0;
			defaultConfigurationName = Release;
		};
/* End XCConfigurationList section */
	};
	rootObject = 840A3E6F21232C51000CD9DC /* Project object */;
}
